
Microsoft Visual Studio Solution File, Format Version 12.00
# Visual Studio 15
VisualStudioVersion = 15.0.28307.168
MinimumVisualStudioVersion = 10.0.40219.1
Project("{8BC9CEB8-8B4A-11D0-8D11-00A0C91BC942}") = "ForthicLibTests", "ForthicLibTests\ForthicLibTests.vcxproj", "{83DFDACD-63C3-46B8-B19C-A25070AF3154}"
EndProject
Project("{8BC9CEB8-8B4A-11D0-8D11-00A0C91BC942}") = "ForthicLib", "ForthicLib\ForthicLib.vcxproj", "{D0F68ADD-5ABA-4BED-A7E1-4272BE1DCFC5}"
EndProject
Project("{8BC9CEB8-8B4A-11D0-8D11-00A0C91BC942}") = "App2", "App2\App2.vcxproj", "{477303DD-43BB-4470-8625-011039FBD516}"
EndProject
Global
	GlobalSection(SolutionConfigurationPlatforms) = preSolution
		Debug|ARM = Debug|ARM
		Debug|ARM64 = Debug|ARM64
		Debug|x64 = Debug|x64
		Debug|x86 = Debug|x86
		Release|ARM = Release|ARM
		Release|ARM64 = Release|ARM64
		Release|x64 = Release|x64
		Release|x86 = Release|x86
	EndGlobalSection
	GlobalSection(ProjectConfigurationPlatforms) = postSolution
		{83DFDACD-63C3-46B8-B19C-A25070AF3154}.Debug|ARM.ActiveCfg = Debug|ARM
		{83DFDACD-63C3-46B8-B19C-A25070AF3154}.Debug|ARM.Build.0 = Debug|ARM
		{83DFDACD-63C3-46B8-B19C-A25070AF3154}.Debug|ARM.Deploy.0 = Debug|ARM
		{83DFDACD-63C3-46B8-B19C-A25070AF3154}.Debug|ARM64.ActiveCfg = Debug|ARM64
		{83DFDACD-63C3-46B8-B19C-A25070AF3154}.Debug|ARM64.Build.0 = Debug|ARM64
		{83DFDACD-63C3-46B8-B19C-A25070AF3154}.Debug|ARM64.Deploy.0 = Debug|ARM64
		{83DFDACD-63C3-46B8-B19C-A25070AF3154}.Debug|x64.ActiveCfg = Debug|x64
		{83DFDACD-63C3-46B8-B19C-A25070AF3154}.Debug|x64.Build.0 = Debug|x64
		{83DFDACD-63C3-46B8-B19C-A25070AF3154}.Debug|x64.Deploy.0 = Debug|x64
		{83DFDACD-63C3-46B8-B19C-A25070AF3154}.Debug|x86.ActiveCfg = Debug|Win32
		{83DFDACD-63C3-46B8-B19C-A25070AF3154}.Debug|x86.Build.0 = Debug|Win32
		{83DFDACD-63C3-46B8-B19C-A25070AF3154}.Debug|x86.Deploy.0 = Debug|Win32
		{83DFDACD-63C3-46B8-B19C-A25070AF3154}.Release|ARM.ActiveCfg = Release|ARM
		{83DFDACD-63C3-46B8-B19C-A25070AF3154}.Release|ARM.Build.0 = Release|ARM
		{83DFDACD-63C3-46B8-B19C-A25070AF3154}.Release|ARM.Deploy.0 = Release|ARM
		{83DFDACD-63C3-46B8-B19C-A25070AF3154}.Release|ARM64.ActiveCfg = Release|ARM64
		{83DFDACD-63C3-46B8-B19C-A25070AF3154}.Release|ARM64.Build.0 = Release|ARM64
		{83DFDACD-63C3-46B8-B19C-A25070AF3154}.Release|ARM64.Deploy.0 = Release|ARM64
		{83DFDACD-63C3-46B8-B19C-A25070AF3154}.Release|x64.ActiveCfg = Release|x64
		{83DFDACD-63C3-46B8-B19C-A25070AF3154}.Release|x64.Build.0 = Release|x64
		{83DFDACD-63C3-46B8-B19C-A25070AF3154}.Release|x64.Deploy.0 = Release|x64
		{83DFDACD-63C3-46B8-B19C-A25070AF3154}.Release|x86.ActiveCfg = Release|Win32
		{83DFDACD-63C3-46B8-B19C-A25070AF3154}.Release|x86.Build.0 = Release|Win32
		{83DFDACD-63C3-46B8-B19C-A25070AF3154}.Release|x86.Deploy.0 = Release|Win32
		{D0F68ADD-5ABA-4BED-A7E1-4272BE1DCFC5}.Debug|ARM.ActiveCfg = Debug|ARM
		{D0F68ADD-5ABA-4BED-A7E1-4272BE1DCFC5}.Debug|ARM.Build.0 = Debug|ARM
		{D0F68ADD-5ABA-4BED-A7E1-4272BE1DCFC5}.Debug|ARM64.ActiveCfg = Debug|ARM64
		{D0F68ADD-5ABA-4BED-A7E1-4272BE1DCFC5}.Debug|ARM64.Build.0 = Debug|ARM64
		{D0F68ADD-5ABA-4BED-A7E1-4272BE1DCFC5}.Debug|x64.ActiveCfg = Debug|x64
		{D0F68ADD-5ABA-4BED-A7E1-4272BE1DCFC5}.Debug|x64.Build.0 = Debug|x64
		{D0F68ADD-5ABA-4BED-A7E1-4272BE1DCFC5}.Debug|x86.ActiveCfg = Debug|Win32
		{D0F68ADD-5ABA-4BED-A7E1-4272BE1DCFC5}.Debug|x86.Build.0 = Debug|Win32
		{D0F68ADD-5ABA-4BED-A7E1-4272BE1DCFC5}.Release|ARM.ActiveCfg = Release|ARM
		{D0F68ADD-5ABA-4BED-A7E1-4272BE1DCFC5}.Release|ARM.Build.0 = Release|ARM
		{D0F68ADD-5ABA-4BED-A7E1-4272BE1DCFC5}.Release|ARM64.ActiveCfg = Release|ARM64
		{D0F68ADD-5ABA-4BED-A7E1-4272BE1DCFC5}.Release|ARM64.Build.0 = Release|ARM64
		{D0F68ADD-5ABA-4BED-A7E1-4272BE1DCFC5}.Release|x64.ActiveCfg = Release|x64
		{D0F68ADD-5ABA-4BED-A7E1-4272BE1DCFC5}.Release|x64.Build.0 = Release|x64
		{D0F68ADD-5ABA-4BED-A7E1-4272BE1DCFC5}.Release|x86.ActiveCfg = Release|Win32
		{D0F68ADD-5ABA-4BED-A7E1-4272BE1DCFC5}.Release|x86.Build.0 = Release|Win32
		{477303DD-43BB-4470-8625-011039FBD516}.Debug|ARM.ActiveCfg = Debug|ARM
		{477303DD-43BB-4470-8625-011039FBD516}.Debug|ARM.Build.0 = Debug|ARM
		{477303DD-43BB-4470-8625-011039FBD516}.Debug|ARM.Deploy.0 = Debug|ARM
		{477303DD-43BB-4470-8625-011039FBD516}.Debug|ARM64.ActiveCfg = Debug|ARM64
		{477303DD-43BB-4470-8625-011039FBD516}.Debug|ARM64.Build.0 = Debug|ARM64
		{477303DD-43BB-4470-8625-011039FBD516}.Debug|ARM64.Deploy.0 = Debug|ARM64
		{477303DD-43BB-4470-8625-011039FBD516}.Debug|x64.ActiveCfg = Debug|x64
		{477303DD-43BB-4470-8625-011039FBD516}.Debug|x64.Build.0 = Debug|x64
		{477303DD-43BB-4470-8625-011039FBD516}.Debug|x64.Deploy.0 = Debug|x64
		{477303DD-43BB-4470-8625-011039FBD516}.Debug|x86.ActiveCfg = Debug|Win32
		{477303DD-43BB-4470-8625-011039FBD516}.Debug|x86.Build.0 = Debug|Win32
		{477303DD-43BB-4470-8625-011039FBD516}.Debug|x86.Deploy.0 = Debug|Win32
		{477303DD-43BB-4470-8625-011039FBD516}.Release|ARM.ActiveCfg = Release|ARM
		{477303DD-43BB-4470-8625-011039FBD516}.Release|ARM.Build.0 = Release|ARM
		{477303DD-43BB-4470-8625-011039FBD516}.Release|ARM.Deploy.0 = Release|ARM
		{477303DD-43BB-4470-8625-011039FBD516}.Release|ARM64.ActiveCfg = Release|ARM64
		{477303DD-43BB-4470-8625-011039FBD516}.Release|ARM64.Build.0 = Release|ARM64
		{477303DD-43BB-4470-8625-011039FBD516}.Release|ARM64.Deploy.0 = Release|ARM64
		{477303DD-43BB-4470-8625-011039FBD516}.Release|x64.ActiveCfg = Release|x64
		{477303DD-43BB-4470-8625-011039FBD516}.Release|x64.Build.0 = Release|x64
		{477303DD-43BB-4470-8625-011039FBD516}.Release|x64.Deploy.0 = Release|x64
		{477303DD-43BB-4470-8625-011039FBD516}.Release|x86.ActiveCfg = Release|Win32
		{477303DD-43BB-4470-8625-011039FBD516}.Release|x86.Build.0 = Release|Win32
		{477303DD-43BB-4470-8625-011039FBD516}.Release|x86.Deploy.0 = Release|Win32
	EndGlobalSection
	GlobalSection(SolutionProperties) = preSolution
		HideSolutionNode = FALSE
	EndGlobalSection
	GlobalSection(ExtensibilityGlobals) = postSolution
		SolutionGuid = {F06CB8BA-7BB9-4CFD-A75B-008A90FFA9AE}
	EndGlobalSection
EndGlobal
